
Microsoft Visual Studio Solution File, Format Version 12.00
Project("{FAE04EC0-301F-11D3-BF4B-00C04F79EFBC}") = "FamilyOrganizer.Api", "FamilyOrganizer.Api\FamilyOrganizer.Api.csproj", "{B7D74ECE-22C4-4A38-B31D-F8E0A6B15792}"
EndProject
Project("{FAE04EC0-301F-11D3-BF4B-00C04F79EFBC}") = "FamilyOrganizer.Domain", "FamilyOrganizer.Domain\FamilyOrganizer.Domain.csproj", "{D4A25BA6-847F-4276-B31C-A53E550AA2B3}"
EndProject
Project("{FAE04EC0-301F-11D3-BF4B-00C04F79EFBC}") = "FamilyOrganizer.Infrastructure", "FamilyOrganizer.Infrastructure\FamilyOrganizer.Infrastructure.csproj", "{3BB9351D-76BB-44A2-A5A5-300C07003D80}"
EndProject
Project("{2150E333-8FDC-42A3-9474-1A3956D46DE8}") = "src", "src", "{432D22F7-58EB-44F7-8DD8-7B62FF56A271}"
EndProject
Project("{2150E333-8FDC-42A3-9474-1A3956D46DE8}") = "tests", "tests", "{CFB79111-8B57-407D-9570-E181D755C028}"
EndProject
Project("{FAE04EC0-301F-11D3-BF4B-00C04F79EFBC}") = "FamilyOrganizer.Application", "FamilyOrganizer.Application\FamilyOrganizer.Application.csproj", "{3384A8AE-4080-423F-9E23-6B9F40233874}"
EndProject
Global
	GlobalSection(SolutionConfigurationPlatforms) = preSolution
		Debug|Any CPU = Debug|Any CPU
		Release|Any CPU = Release|Any CPU
	EndGlobalSection
	GlobalSection(ProjectConfigurationPlatforms) = postSolution
		{B7D74ECE-22C4-4A38-B31D-F8E0A6B15792}.Debug|Any CPU.ActiveCfg = Debug|Any CPU
		{B7D74ECE-22C4-4A38-B31D-F8E0A6B15792}.Debug|Any CPU.Build.0 = Debug|Any CPU
		{B7D74ECE-22C4-4A38-B31D-F8E0A6B15792}.Release|Any CPU.ActiveCfg = Release|Any CPU
		{B7D74ECE-22C4-4A38-B31D-F8E0A6B15792}.Release|Any CPU.Build.0 = Release|Any CPU
		{D4A25BA6-847F-4276-B31C-A53E550AA2B3}.Debug|Any CPU.ActiveCfg = Debug|Any CPU
		{D4A25BA6-847F-4276-B31C-A53E550AA2B3}.Debug|Any CPU.Build.0 = Debug|Any CPU
		{D4A25BA6-847F-4276-B31C-A53E550AA2B3}.Release|Any CPU.ActiveCfg = Release|Any CPU
		{D4A25BA6-847F-4276-B31C-A53E550AA2B3}.Release|Any CPU.Build.0 = Release|Any CPU
		{3BB9351D-76BB-44A2-A5A5-300C07003D80}.Debug|Any CPU.ActiveCfg = Debug|Any CPU
		{3BB9351D-76BB-44A2-A5A5-300C07003D80}.Debug|Any CPU.Build.0 = Debug|Any CPU
		{3BB9351D-76BB-44A2-A5A5-300C07003D80}.Release|Any CPU.ActiveCfg = Release|Any CPU
		{3BB9351D-76BB-44A2-A5A5-300C07003D80}.Release|Any CPU.Build.0 = Release|Any CPU
		{3384A8AE-4080-423F-9E23-6B9F40233874}.Debug|Any CPU.ActiveCfg = Debug|Any CPU
		{3384A8AE-4080-423F-9E23-6B9F40233874}.Debug|Any CPU.Build.0 = Debug|Any CPU
		{3384A8AE-4080-423F-9E23-6B9F40233874}.Release|Any CPU.ActiveCfg = Release|Any CPU
		{3384A8AE-4080-423F-9E23-6B9F40233874}.Release|Any CPU.Build.0 = Release|Any CPU
	EndGlobalSection
	GlobalSection(NestedProjects) = preSolution
		{B7D74ECE-22C4-4A38-B31D-F8E0A6B15792} = {432D22F7-58EB-44F7-8DD8-7B62FF56A271}
		{3BB9351D-76BB-44A2-A5A5-300C07003D80} = {432D22F7-58EB-44F7-8DD8-7B62FF56A271}
		{D4A25BA6-847F-4276-B31C-A53E550AA2B3} = {432D22F7-58EB-44F7-8DD8-7B62FF56A271}
		{3384A8AE-4080-423F-9E23-6B9F40233874} = {432D22F7-58EB-44F7-8DD8-7B62FF56A271}
	EndGlobalSection
EndGlobal
